{
  "name": "codekit-project",
  "version": "1.0.0",
  "lockfileVersion": 1,
  "requires": true,
  "dependencies": {
    "@popperjs/core": {
      "version": "2.4.4",
      "resolved": "https://registry.npmjs.org/@popperjs/core/-/core-2.4.4.tgz",
      "integrity": "sha512-1oO6+dN5kdIA3sKPZhRGJTfGVP4SWV6KqlMOwry4J3HfyD68sl/3KmG7DeYUzvN+RbhXDnv/D8vNNB8168tAMg=="
    },
    "@swup/body-class-plugin": {
      "version": "1.0.2",
      "resolved": "https://registry.npmjs.org/@swup/body-class-plugin/-/body-class-plugin-1.0.2.tgz",
      "integrity": "sha512-fzK/sY1QeDJje0mNgPuETRmdLOrdJZzoG96GTcTEjBATXAjDbcGvodCCRDE8eNYQMWayHD2Lks4avV9e5cvQ7A==",
      "requires": {
        "@swup/plugin": "^1.0.0"
      }
    },
    "@swup/ga-plugin": {
      "version": "1.0.1",
      "resolved": "https://registry.npmjs.org/@swup/ga-plugin/-/ga-plugin-1.0.1.tgz",
      "integrity": "sha512-2c/WGe1PAYB0yGzCKAAVi2bLoDB491PdMqHKVefe8gRwFU3mh9LlRy7WEzbwDfku1TvFr2AK2gH+SHBtwM73xQ==",
      "requires": {
        "@swup/plugin": "^1.0.0"
      }
    },
    "@swup/head-plugin": {
      "version": "1.0.2",
      "resolved": "https://registry.npmjs.org/@swup/head-plugin/-/head-plugin-1.0.2.tgz",
      "integrity": "sha512-Kv/iaM2maDwLrHwLoAVju2sa5TYp0j4vwKcCpjSmP6qLZ02wq+qjXVk7U6tU53PpwV29CwGJuIL8Y3Sa3h6LPw==",
      "requires": {
        "@swup/plugin": "^1.0.1"
      }
    },
    "@swup/plugin": {
      "version": "1.0.1",
      "resolved": "https://registry.npmjs.org/@swup/plugin/-/plugin-1.0.1.tgz",
      "integrity": "sha512-QrTGn1DLx+50CNsk6oGzUFnyNyLkDK6iLb032qKImmAXS+0Dd1cwa8cSGvJ+I27J4qR8y6oJNurgHIEc6ZCTrg=="
    },
    "@swup/preload-plugin": {
      "version": "1.0.3",
      "resolved": "https://registry.npmjs.org/@swup/preload-plugin/-/preload-plugin-1.0.3.tgz",
      "integrity": "sha512-Au2v5kwwrY2WFYEmRoHa8FXMq7S/7KgO+iG2n5IOS7CZfVilIpqTIEQQ8y7TZsQuL6+Pk/57aycYywVLZ8tc3w==",
      "requires": {
        "@swup/plugin": "^1.0.0",
        "delegate": "^3.2.0",
        "swup": "^2.0.0"
      }
    },
    "@swup/scroll-plugin": {
      "version": "1.0.6",
      "resolved": "https://registry.npmjs.org/@swup/scroll-plugin/-/scroll-plugin-1.0.6.tgz",
      "integrity": "sha512-uUzgbFYdkLIKCk0DiIrkQwYQYkI2lh4NwJlY28nOhmgivgyYRCRgGHXSHyvJEJwDDVSW7w48myq5b1g9HrVeEg==",
      "requires": {
        "@swup/plugin": "^1.0.0",
        "scrl": "^1.0.0"
      }
    },
    "aos": {
      "version": "2.3.4",
      "resolved": "https://registry.npmjs.org/aos/-/aos-2.3.4.tgz",
      "integrity": "sha512-zh/ahtR2yME4I51z8IttIt4lC1Nw0ktsFtmeDzID1m9naJnWXhCoARaCgNOGXb5CLy3zm+wqmRAEgMYB5E2HUw==",
      "requires": {
        "classlist-polyfill": "^1.0.3",
        "lodash.debounce": "^4.0.6",
        "lodash.throttle": "^4.0.1"
      }
    },
    "classlist-polyfill": {
      "version": "1.2.0",
      "resolved": "https://registry.npmjs.org/classlist-polyfill/-/classlist-polyfill-1.2.0.tgz",
      "integrity": "sha1-k1vC39lFiodrJ5YXUUY4vKqWSi4="
    },
    "core-js": {
      "version": "3.6.5",
      "resolved": "https://registry.npmjs.org/core-js/-/core-js-3.6.5.tgz",
      "integrity": "sha512-vZVEEwZoIsI+vPEuoF9Iqf5H7/M3eeQqWlQnYa8FSKKePuYTf5MWnxb5SDAzCa60b3JBRS5g9b+Dq7b1y/RCrA=="
    },
    "custom-event-polyfill": {
      "version": "1.0.7",
      "resolved": "https://registry.npmjs.org/custom-event-polyfill/-/custom-event-polyfill-1.0.7.tgz",
      "integrity": "sha512-TDDkd5DkaZxZFM8p+1I3yAlvM3rSr1wbrOliG4yJiwinMZN8z/iGL7BTlDkrJcYTmgUSb4ywVCc3ZaUtOtC76w=="
    },
    "delegate": {
      "version": "3.2.0",
      "resolved": "https://registry.npmjs.org/delegate/-/delegate-3.2.0.tgz",
      "integrity": "sha512-IofjkYBZaZivn0V8nnsMJGBr4jVLxHDheKSW88PyxS5QC4Vo9ZbZVvhzlSxY87fVq3STR6r+4cGepyHkcWOQSw=="
    },
    "dom7": {
      "version": "3.0.0-alpha.7",
      "resolved": "https://registry.npmjs.org/dom7/-/dom7-3.0.0-alpha.7.tgz",
      "integrity": "sha512-3epkQPsKsbk2Dixqqgm2DT/KzhiAPByjDK7emu6owwFLbM5UoiqWKgdsH+6PpMEgoeR6Ex/bW1UbOe0FWZU0zg==",
      "requires": {
        "ssr-window": "^3.0.0-alpha.1"
      }
    },
    "foundation-sites": {
      "version": "6.6.3",
      "resolved": "https://registry.npmjs.org/foundation-sites/-/foundation-sites-6.6.3.tgz",
      "integrity": "sha512-8X93wUAmUg1HhVv8uWMWnwoBLSQWSmFImJencneIZDctswn724Bq/MV1cbPZN/GFWGOB/9ngoQHztfzd4+ovCg=="
    },
    "jquery": {
      "version": "3.5.1",
      "resolved": "https://registry.npmjs.org/jquery/-/jquery-3.5.1.tgz",
      "integrity": "sha512-XwIBPqcMn57FxfT+Go5pzySnm4KWkT1Tv7gjrpT1srtf8Weynl6R273VJ5GjkRb51IzMp5nbaPjJXMWeju2MKg=="
    },
    "jquery-lazy": {
      "version": "1.7.10",
      "resolved": "https://registry.npmjs.org/jquery-lazy/-/jquery-lazy-1.7.10.tgz",
      "integrity": "sha512-1vBpU+igfZJ58BrQrk2OFl3TMriGeIfZUg35uSIajZF4GcxF96NtdS3LbWk5a72rH2ypz0odTsAkqhUsICknhw==",
      "requires": {
        "jquery": ">=1.7.2"
      }
    },
    "loadjs": {
      "version": "4.2.0",
      "resolved": "https://registry.npmjs.org/loadjs/-/loadjs-4.2.0.tgz",
      "integrity": "sha512-AgQGZisAlTPbTEzrHPb6q+NYBMD+DP9uvGSIjSUM5uG+0jG15cb8axWpxuOIqrmQjn6scaaH8JwloiP27b2KXA=="
    },
    "lodash.debounce": {
      "version": "4.0.8",
      "resolved": "https://registry.npmjs.org/lodash.debounce/-/lodash.debounce-4.0.8.tgz",
      "integrity": "sha1-gteb/zCmfEAF/9XiUVMArZyk168="
    },
    "lodash.throttle": {
      "version": "4.1.1",
      "resolved": "https://registry.npmjs.org/lodash.throttle/-/lodash.throttle-4.1.1.tgz",
      "integrity": "sha1-wj6RtxAkKscMN/HhzaknTMOb8vQ="
    },
    "motion-ui": {
      "version": "2.0.3",
      "resolved": "https://registry.npmjs.org/motion-ui/-/motion-ui-2.0.3.tgz",
      "integrity": "sha512-f9xzh/hbZTUYjk4M7y1aDcsiPTfqUbuvCv/+If05TSIBEJMu3hGBU+YSe9csQPP7WBBHXxjossEygM/TJo2enw=="
    },
    "opencollective-postinstall": {
      "version": "2.0.2",
      "resolved": "https://registry.npmjs.org/opencollective-postinstall/-/opencollective-postinstall-2.0.2.tgz",
      "integrity": "sha512-pVOEP16TrAO2/fjej1IdOyupJY8KDUM1CvsaScRbw6oddvpQoOfGk4ywha0HKKVAD6RkW4x6Q+tNBwhf3Bgpuw=="
    },
    "plyr": {
      "version": "3.6.2",
      "resolved": "https://registry.npmjs.org/plyr/-/plyr-3.6.2.tgz",
      "integrity": "sha512-CjAhRDtzyGqMRte9Phj4FsZFegS9VxW60boOhQsAnZHuiFG3yVBRcodWsGZ79GuXHHelc4DxMHO+z0QggY+9qQ==",
      "requires": {
        "core-js": "^3.6.5",
        "custom-event-polyfill": "^1.0.7",
        "loadjs": "^4.2.0",
        "rangetouch": "^2.0.1",
        "url-polyfill": "^1.1.8"
      }
    },
    "rangetouch": {
      "version": "2.0.1",
      "resolved": "https://registry.npmjs.org/rangetouch/-/rangetouch-2.0.1.tgz",
      "integrity": "sha512-sln+pNSc8NGaHoLzwNBssFSf/rSYkqeBXzX1AtJlkJiUaVSJSbRAWJk+4omsXkN+EJalzkZhWQ3th1m0FpR5xA=="
    },
    "scrl": {
      "version": "1.0.0",
      "resolved": "https://registry.npmjs.org/scrl/-/scrl-1.0.0.tgz",
      "integrity": "sha512-nTS2W6UyxYfvOOjeXGXM1j140bm2ZUIjt0mEyGUHecFz2zU1CMYJ71dWPdlnSJR2mYOojY1R5qpo4Fi83O7tog=="
    },
    "ssr-window": {
      "version": "3.0.0-alpha.4",
      "resolved": "https://registry.npmjs.org/ssr-window/-/ssr-window-3.0.0-alpha.4.tgz",
      "integrity": "sha512-+dBRP/pZ+VyITxTzD0lMDzDwN/BmfUl8xi2e6t5Nz4+FqUphfcBLB1OOUSYCRNFB25rD3c8AJRYpY5rHTbL+kg=="
    },
    "swiper": {
      "version": "6.0.4",
      "resolved": "https://registry.npmjs.org/swiper/-/swiper-6.0.4.tgz",
      "integrity": "sha512-D+DBxgg81+uocgsvhmdzrpr4GHzhAt2yImArqzunrC80y7+/yCEAq/EJw1VASD+CBFNacF4F8FEIqJMLyDFM0g==",
      "requires": {
        "dom7": "^3.0.0-alpha.7",
        "ssr-window": "^3.0.0-alpha.4"
      }
    },
    "swup": {
      "version": "2.0.9",
      "resolved": "https://registry.npmjs.org/swup/-/swup-2.0.9.tgz",
      "integrity": "sha512-hgrhKEKvWyxjXxKcumJozNWn6kvK8CyzujSk61mSb5FJDJAWjcw23gXgPhZMpJgdQNtjKKZZR42xCYPdP34xkA==",
      "requires": {
        "delegate": "3.1.3",
        "opencollective-postinstall": "^2.0.2"
      },
      "dependencies": {
        "delegate": {
          "version": "3.1.3",
          "resolved": "https://registry.npmjs.org/delegate/-/delegate-3.1.3.tgz",
          "integrity": "sha1-moJRp3fXAl+qVXN7w7BxdCEnqf0="
        }
      }
    },
    "tippy.js": {
      "version": "6.2.5",
      "resolved": "https://registry.npmjs.org/tippy.js/-/tippy.js-6.2.5.tgz",
      "integrity": "sha512-UIf8G99PMXGmdWPrr36s/DjQBdfxMPwzvPUXsxs3tDFDTZ1SgvKG+Jvt6RJ+aBqYL0oe/STxh3MNkCV3IWAKmw==",
      "requires": {
        "@popperjs/core": "^2.4.4"
      }
    },
    "url-polyfill": {
      "version": "1.1.8",
      "resolved": "https://registry.npmjs.org/url-polyfill/-/url-polyfill-1.1.8.tgz",
      "integrity": "sha512-Ey61F4FEqhcu1vHSOMmjl0Vd/RPRLEjMj402qszD/dhMBrVfoUsnIj8KSZo2yj+eIlxJGKFdnm6ES+7UzMgZ3Q=="
    },
    "what-input": {
      "version": "5.2.10",
      "resolved": "https://registry.npmjs.org/what-input/-/what-input-5.2.10.tgz",
      "integrity": "sha512-7AQoIMGq7uU8esmKniOtZG3A+pzlwgeyFpkS3f/yzRbxknSL68tvn5gjE6bZ4OMFxCPjpaBd2udUTqlZ0HwrXQ=="
    }
  }
}
