# THIS IS AN AUTOGENERATED FILE. DO NOT EDIT THIS FILE DIRECTLY.
# yarn lockfile v1


"@popperjs/core@^2.9.0":
  version "2.11.5"
  resolved "https://registry.yarnpkg.com/@popperjs/core/-/core-2.11.5.tgz#db5a11bf66bdab39569719555b0f76e138d7bd64"
  integrity sha512-9X2obfABZuDVLCgPK9aX0a/x4jaOEweTTWE2+9sr0Qqqevj2Uv5XorvusThmc9XGYpS9yI+fhh8RTafBtGposw==

"@swup/body-class-plugin@^1.0.2":
  version "1.0.2"
  resolved "https://registry.yarnpkg.com/@swup/body-class-plugin/-/body-class-plugin-1.0.2.tgz#40bffaf73e950ee5149267da669457e18fd1c957"
  integrity sha512-fzK/sY1QeDJje0mNgPuETRmdLOrdJZzoG96GTcTEjBATXAjDbcGvodCCRDE8eNYQMWayHD2Lks4avV9e5cvQ7A==
  dependencies:
    "@swup/plugin" "^1.0.0"

"@swup/ga-plugin@^1.0.1":
  version "1.0.1"
  resolved "https://registry.yarnpkg.com/@swup/ga-plugin/-/ga-plugin-1.0.1.tgz#21f4dd1c444c636fb4ef57755a8a9faa80bcdf05"
  integrity sha512-2c/WGe1PAYB0yGzCKAAVi2bLoDB491PdMqHKVefe8gRwFU3mh9LlRy7WEzbwDfku1TvFr2AK2gH+SHBtwM73xQ==
  dependencies:
    "@swup/plugin" "^1.0.0"

"@swup/head-plugin@^1.1.0":
  version "1.2.0"
  resolved "https://registry.yarnpkg.com/@swup/head-plugin/-/head-plugin-1.2.0.tgz#acfeebdecb2c685e0c748f338fd9e1f5abe8747f"
  integrity sha512-ixtDl5JWNF6aHLLgLNOTpKboUOALuRtOOMi9u38jqPEDRnpJ+gCNeCO6RMBnbfyp45G6ml+fgd6ltrseZ7oOcA==
  dependencies:
    "@swup/plugin" "^1.0.1"

"@swup/plugin@^1.0.0", "@swup/plugin@^1.0.1":
  version "1.0.1"
  resolved "https://registry.yarnpkg.com/@swup/plugin/-/plugin-1.0.1.tgz#10606322508724a5beaed6a09326d8c30c7041fa"
  integrity sha512-QrTGn1DLx+50CNsk6oGzUFnyNyLkDK6iLb032qKImmAXS+0Dd1cwa8cSGvJ+I27J4qR8y6oJNurgHIEc6ZCTrg==

"@swup/preload-plugin@^1.0.3":
  version "1.0.3"
  resolved "https://registry.yarnpkg.com/@swup/preload-plugin/-/preload-plugin-1.0.3.tgz#f9522d7e223a6aa264a6178cd82af116fb0ab14a"
  integrity sha512-Au2v5kwwrY2WFYEmRoHa8FXMq7S/7KgO+iG2n5IOS7CZfVilIpqTIEQQ8y7TZsQuL6+Pk/57aycYywVLZ8tc3w==
  dependencies:
    "@swup/plugin" "^1.0.0"
    delegate "^3.2.0"
    swup "^2.0.0"

"@swup/scroll-plugin@^1.0.6":
  version "1.0.6"
  resolved "https://registry.yarnpkg.com/@swup/scroll-plugin/-/scroll-plugin-1.0.6.tgz#9a0b28a7f47750c6d5e69e988e42da31264e385e"
  integrity sha512-uUzgbFYdkLIKCk0DiIrkQwYQYkI2lh4NwJlY28nOhmgivgyYRCRgGHXSHyvJEJwDDVSW7w48myq5b1g9HrVeEg==
  dependencies:
    "@swup/plugin" "^1.0.0"
    scrl "^1.0.0"

aos@^2.3.4:
  version "2.3.4"
  resolved "https://registry.yarnpkg.com/aos/-/aos-2.3.4.tgz#eb1c29f5c1806a197cf6323080747547edd3db8e"
  integrity sha512-zh/ahtR2yME4I51z8IttIt4lC1Nw0ktsFtmeDzID1m9naJnWXhCoARaCgNOGXb5CLy3zm+wqmRAEgMYB5E2HUw==
  dependencies:
    classlist-polyfill "^1.0.3"
    lodash.debounce "^4.0.6"
    lodash.throttle "^4.0.1"

classlist-polyfill@^1.0.3:
  version "1.2.0"
  resolved "https://registry.yarnpkg.com/classlist-polyfill/-/classlist-polyfill-1.2.0.tgz#935bc2dfd9458a876b279617514638bcaa964a2e"
  integrity sha1-k1vC39lFiodrJ5YXUUY4vKqWSi4=

core-js@^3.22.0:
  version "3.22.2"
  resolved "https://registry.yarnpkg.com/core-js/-/core-js-3.22.2.tgz#3ea0a245b0895fa39d1faa15fe75d91ade504a01"
  integrity sha512-Z5I2vzDnEIqO2YhELVMFcL1An2CIsFe9Q7byZhs8c/QxummxZlAHw33TUHbIte987LkisOgL0LwQ1P9D6VISnA==

custom-event-polyfill@^1.0.7:
  version "1.0.7"
  resolved "https://registry.yarnpkg.com/custom-event-polyfill/-/custom-event-polyfill-1.0.7.tgz#9bc993ddda937c1a30ccd335614c6c58c4f87aee"
  integrity sha512-TDDkd5DkaZxZFM8p+1I3yAlvM3rSr1wbrOliG4yJiwinMZN8z/iGL7BTlDkrJcYTmgUSb4ywVCc3ZaUtOtC76w==

delegate@3.1.3:
  version "3.1.3"
  resolved "https://registry.yarnpkg.com/delegate/-/delegate-3.1.3.tgz#9a8251a777d7025faa55737bc3b071742127a9fd"
  integrity sha1-moJRp3fXAl+qVXN7w7BxdCEnqf0=

delegate@^3.2.0:
  version "3.2.0"
  resolved "https://registry.yarnpkg.com/delegate/-/delegate-3.2.0.tgz#b66b71c3158522e8ab5744f720d8ca0c2af59166"
  integrity sha512-IofjkYBZaZivn0V8nnsMJGBr4jVLxHDheKSW88PyxS5QC4Vo9ZbZVvhzlSxY87fVq3STR6r+4cGepyHkcWOQSw==

dom7@^3.0.0:
  version "3.0.0"
  resolved "https://registry.yarnpkg.com/dom7/-/dom7-3.0.0.tgz#b861ce5d67a6becd7aaa3ad02942ff14b1240331"
  integrity sha512-oNlcUdHsC4zb7Msx7JN3K0Nro1dzJ48knvBOnDPKJ2GV9wl1i5vydJZUSyOfrkKFDZEud/jBsTk92S/VGSAe/g==
  dependencies:
    ssr-window "^3.0.0-alpha.1"

foundation-sites@^6.6.3:
  version "6.7.4"
  resolved "https://registry.yarnpkg.com/foundation-sites/-/foundation-sites-6.7.4.tgz#495ddb3b7014ae33df3bf7cc1f9fe74b2cfd572e"
  integrity sha512-2QPaZJ0Od0DyklhQyKC3zPbr8AAUXSkr1scZJrQTgj/KTLresuCgUBfi7ft32NlOWhuqVXisjOgTE8N5EPS3cg==

jquery-lazy@^1.7.11:
  version "1.7.11"
  resolved "https://registry.yarnpkg.com/jquery-lazy/-/jquery-lazy-1.7.11.tgz#f4146501ba64cad95cc5c20f184ac1b1d3712fe5"
  integrity sha512-jNAOMwfgf+lYaOCc/atBVjbOzAIRW5BUyjQ4b4jJPkQM6I0zGZd4m/Y73ekfAlrQQDg3/Dge3YNhW7Cqjgi0UA==
  dependencies:
    jquery ">=1.7.2"

jquery@>=1.7.2:
  version "3.5.0"
  resolved "https://registry.yarnpkg.com/jquery/-/jquery-3.5.0.tgz#9980b97d9e4194611c36530e7dc46a58d7340fc9"
  integrity sha512-Xb7SVYMvygPxbFMpTFQiHh1J7HClEaThguL15N/Gg37Lri/qKyhRGZYzHRyLH8Stq3Aow0LsHO2O2ci86fCrNQ==

jquery@^3.5.1:
  version "3.6.0"
  resolved "https://registry.yarnpkg.com/jquery/-/jquery-3.6.0.tgz#c72a09f15c1bdce142f49dbf1170bdf8adac2470"
  integrity sha512-JVzAR/AjBvVt2BmYhxRCSYysDsPcssdmTFnzyLEts9qNwmjmu4JTAMYubEfwVOSwpQ1I1sKKFcxhZCI2buerfw==

loadjs@^4.2.0:
  version "4.2.0"
  resolved "https://registry.yarnpkg.com/loadjs/-/loadjs-4.2.0.tgz#2a0336376397a6a43edf98c9ec3229ddd5abb6f6"
  integrity sha512-AgQGZisAlTPbTEzrHPb6q+NYBMD+DP9uvGSIjSUM5uG+0jG15cb8axWpxuOIqrmQjn6scaaH8JwloiP27b2KXA==

lodash.debounce@^4.0.6:
  version "4.0.8"
  resolved "https://registry.yarnpkg.com/lodash.debounce/-/lodash.debounce-4.0.8.tgz#82d79bff30a67c4005ffd5e2515300ad9ca4d7af"
  integrity sha1-gteb/zCmfEAF/9XiUVMArZyk168=

lodash.throttle@^4.0.1:
  version "4.1.1"
  resolved "https://registry.yarnpkg.com/lodash.throttle/-/lodash.throttle-4.1.1.tgz#c23e91b710242ac70c37f1e1cda9274cc39bf2f4"
  integrity sha1-wj6RtxAkKscMN/HhzaknTMOb8vQ=

motion-ui@^2.0.3:
  version "2.0.3"
  resolved "https://registry.yarnpkg.com/motion-ui/-/motion-ui-2.0.3.tgz#3a87f8fea4512d654c0822a0b346f23dadf0d0b7"
  integrity sha512-f9xzh/hbZTUYjk4M7y1aDcsiPTfqUbuvCv/+If05TSIBEJMu3hGBU+YSe9csQPP7WBBHXxjossEygM/TJo2enw==

opencollective-postinstall@^2.0.2:
  version "2.0.2"
  resolved "https://registry.yarnpkg.com/opencollective-postinstall/-/opencollective-postinstall-2.0.2.tgz#5657f1bede69b6e33a45939b061eb53d3c6c3a89"
  integrity sha512-pVOEP16TrAO2/fjej1IdOyupJY8KDUM1CvsaScRbw6oddvpQoOfGk4ywha0HKKVAD6RkW4x6Q+tNBwhf3Bgpuw==

plyr@^3.7.2:
  version "3.7.2"
  resolved "https://registry.yarnpkg.com/plyr/-/plyr-3.7.2.tgz#183d2397e7401a577700c8319fe133692b4aff54"
  integrity sha512-I0ZC/OI4oJ0iWG9s2rrnO0YFO6aLyrPiQBq9kum0FqITYljwTPBbYL3TZZu8UJQJUq7tUWN18Q7ACwNCkGKABQ==
  dependencies:
    core-js "^3.22.0"
    custom-event-polyfill "^1.0.7"
    loadjs "^4.2.0"
    rangetouch "^2.0.1"
    url-polyfill "^1.1.12"

rangetouch@^2.0.1:
  version "2.0.1"
  resolved "https://registry.yarnpkg.com/rangetouch/-/rangetouch-2.0.1.tgz#c01105110fd3afca2adcb1a580692837d883cb70"
  integrity sha512-sln+pNSc8NGaHoLzwNBssFSf/rSYkqeBXzX1AtJlkJiUaVSJSbRAWJk+4omsXkN+EJalzkZhWQ3th1m0FpR5xA==

scrl@^1.0.0:
  version "1.0.0"
  resolved "https://registry.yarnpkg.com/scrl/-/scrl-1.0.0.tgz#b225915f29d72807c48b2e116b12f14b15d14e55"
  integrity sha512-nTS2W6UyxYfvOOjeXGXM1j140bm2ZUIjt0mEyGUHecFz2zU1CMYJ71dWPdlnSJR2mYOojY1R5qpo4Fi83O7tog==

ssr-window@^3.0.0, ssr-window@^3.0.0-alpha.1:
  version "3.0.0"
  resolved "https://registry.yarnpkg.com/ssr-window/-/ssr-window-3.0.0.tgz#fd5b82801638943e0cc704c4691801435af7ac37"
  integrity sha512-q+8UfWDg9Itrg0yWK7oe5p/XRCJpJF9OBtXfOPgSJl+u3Xd5KI328RUEvUqSMVM9CiQUEf1QdBzJMkYGErj9QA==

swiper@^6.5.1:
  version "6.5.1"
  resolved "https://registry.yarnpkg.com/swiper/-/swiper-6.5.1.tgz#795630e45bbebb3b3b2945d55c22ffdcf5536c1b"
  integrity sha512-iuyg4cr+L7wo5EI0fWUuW+lT3BnNtVTYtInhUC5JImTr0i8jNranx8BPyN8AOSKa6jBYN+oaCzj8DAwGK+ngRg==
  dependencies:
    dom7 "^3.0.0"
    ssr-window "^3.0.0"

swup@^2.0.0:
  version "2.0.9"
  resolved "https://registry.yarnpkg.com/swup/-/swup-2.0.9.tgz#1930fa969e833ba630f7c1ff12bd601eb2f40461"
  integrity sha512-hgrhKEKvWyxjXxKcumJozNWn6kvK8CyzujSk61mSb5FJDJAWjcw23gXgPhZMpJgdQNtjKKZZR42xCYPdP34xkA==
  dependencies:
    delegate "3.1.3"
    opencollective-postinstall "^2.0.2"

swup@^2.0.13:
  version "2.0.14"
  resolved "https://registry.yarnpkg.com/swup/-/swup-2.0.14.tgz#17cd68eb487faf2553f1e06bd1d1cb84064de8b9"
  integrity sha512-a+Ihye+rTOwyW7T/vJYwGEKy9kJwc4twwlBryoKZY6WNutQOdpWUKmCkJdvkrDNIqBAvIqpsGUW1NJvoxZxP8w==
  dependencies:
    delegate "3.1.3"
    opencollective-postinstall "^2.0.2"

tippy.js@^6.2.7:
  version "6.3.7"
  resolved "https://registry.yarnpkg.com/tippy.js/-/tippy.js-6.3.7.tgz#8ccfb651d642010ed9a32ff29b0e9e19c5b8c61c"
  integrity sha512-E1d3oP2emgJ9dRQZdf3Kkn0qJgI6ZLpyS5z6ZkY1DF3kaQaBsGZsndEpHwx+eC+tYM41HaSNvNtLx8tU57FzTQ==
  dependencies:
    "@popperjs/core" "^2.9.0"

url-polyfill@^1.1.12:
  version "1.1.12"
  resolved "https://registry.yarnpkg.com/url-polyfill/-/url-polyfill-1.1.12.tgz#6cdaa17f6b022841b3aec0bf8dbd87ac0cd33331"
  integrity sha512-mYFmBHCapZjtcNHW0MDq9967t+z4Dmg5CJ0KqysK3+ZbyoNOWQHksGCTWwDhxGXllkWlOc10Xfko6v4a3ucM6A==

what-input@^5.2.10:
  version "5.2.11"
  resolved "https://registry.yarnpkg.com/what-input/-/what-input-5.2.11.tgz#09075570be5792ca542ebf34db6ba43790270e88"
  integrity sha512-XmxIyHvy0vh+Gi/WB04encFUi1CapO6NE2eevts5qXroexlJXSKkFjkBW9HADmi7I72f8oRLhUZeCQOBEVJhQA==
