# THIS IS AN AUTOGENERATED FILE. DO NOT EDIT THIS FILE DIRECTLY.
# yarn lockfile v1


"@popperjs/core@^2.3.2":
  version "2.3.3"
  resolved "https://registry.yarnpkg.com/@popperjs/core/-/core-2.3.3.tgz#8731722aeb7330e8fd9eb5d424be6b98dea7d6da"
  integrity sha512-yEvVC8RfhRPkD9TUn7cFcLcgoJePgZRAOR7T21rcRY5I8tpuhzeWfGa7We7tB14fe9R7wENdqUABcMdwD4SQLw==

"@swup/body-class-plugin@^1.0.2":
  version "1.0.2"
  resolved "https://registry.yarnpkg.com/@swup/body-class-plugin/-/body-class-plugin-1.0.2.tgz#40bffaf73e950ee5149267da669457e18fd1c957"
  integrity sha512-fzK/sY1QeDJje0mNgPuETRmdLOrdJZzoG96GTcTEjBATXAjDbcGvodCCRDE8eNYQMWayHD2Lks4avV9e5cvQ7A==
  dependencies:
    "@swup/plugin" "^1.0.0"

"@swup/ga-plugin@^1.0.1":
  version "1.0.1"
  resolved "https://registry.yarnpkg.com/@swup/ga-plugin/-/ga-plugin-1.0.1.tgz#21f4dd1c444c636fb4ef57755a8a9faa80bcdf05"
  integrity sha512-2c/WGe1PAYB0yGzCKAAVi2bLoDB491PdMqHKVefe8gRwFU3mh9LlRy7WEzbwDfku1TvFr2AK2gH+SHBtwM73xQ==
  dependencies:
    "@swup/plugin" "^1.0.0"

"@swup/head-plugin@^1.0.2":
  version "1.0.2"
  resolved "https://registry.yarnpkg.com/@swup/head-plugin/-/head-plugin-1.0.2.tgz#d88d516feacfe6a58082cbb51bdf1946d5f8600c"
  integrity sha512-Kv/iaM2maDwLrHwLoAVju2sa5TYp0j4vwKcCpjSmP6qLZ02wq+qjXVk7U6tU53PpwV29CwGJuIL8Y3Sa3h6LPw==
  dependencies:
    "@swup/plugin" "^1.0.1"

"@swup/plugin@^1.0.0", "@swup/plugin@^1.0.1":
  version "1.0.1"
  resolved "https://registry.yarnpkg.com/@swup/plugin/-/plugin-1.0.1.tgz#10606322508724a5beaed6a09326d8c30c7041fa"
  integrity sha512-QrTGn1DLx+50CNsk6oGzUFnyNyLkDK6iLb032qKImmAXS+0Dd1cwa8cSGvJ+I27J4qR8y6oJNurgHIEc6ZCTrg==

"@swup/preload-plugin@^1.0.3":
  version "1.0.3"
  resolved "https://registry.yarnpkg.com/@swup/preload-plugin/-/preload-plugin-1.0.3.tgz#f9522d7e223a6aa264a6178cd82af116fb0ab14a"
  integrity sha512-Au2v5kwwrY2WFYEmRoHa8FXMq7S/7KgO+iG2n5IOS7CZfVilIpqTIEQQ8y7TZsQuL6+Pk/57aycYywVLZ8tc3w==
  dependencies:
    "@swup/plugin" "^1.0.0"
    delegate "^3.2.0"
    swup "^2.0.0"

"@swup/scroll-plugin@^1.0.6":
  version "1.0.6"
  resolved "https://registry.yarnpkg.com/@swup/scroll-plugin/-/scroll-plugin-1.0.6.tgz#9a0b28a7f47750c6d5e69e988e42da31264e385e"
  integrity sha512-uUzgbFYdkLIKCk0DiIrkQwYQYkI2lh4NwJlY28nOhmgivgyYRCRgGHXSHyvJEJwDDVSW7w48myq5b1g9HrVeEg==
  dependencies:
    "@swup/plugin" "^1.0.0"
    scrl "^1.0.0"

aos@^2.3.4:
  version "2.3.4"
  resolved "https://registry.yarnpkg.com/aos/-/aos-2.3.4.tgz#eb1c29f5c1806a197cf6323080747547edd3db8e"
  integrity sha512-zh/ahtR2yME4I51z8IttIt4lC1Nw0ktsFtmeDzID1m9naJnWXhCoARaCgNOGXb5CLy3zm+wqmRAEgMYB5E2HUw==
  dependencies:
    classlist-polyfill "^1.0.3"
    lodash.debounce "^4.0.6"
    lodash.throttle "^4.0.1"

classlist-polyfill@^1.0.3:
  version "1.2.0"
  resolved "https://registry.yarnpkg.com/classlist-polyfill/-/classlist-polyfill-1.2.0.tgz#935bc2dfd9458a876b279617514638bcaa964a2e"
  integrity sha1-k1vC39lFiodrJ5YXUUY4vKqWSi4=

core-js@^3.6.4:
  version "3.6.5"
  resolved "https://registry.yarnpkg.com/core-js/-/core-js-3.6.5.tgz#7395dc273af37fb2e50e9bd3d9fe841285231d1a"
  integrity sha512-vZVEEwZoIsI+vPEuoF9Iqf5H7/M3eeQqWlQnYa8FSKKePuYTf5MWnxb5SDAzCa60b3JBRS5g9b+Dq7b1y/RCrA==

custom-event-polyfill@^1.0.7:
  version "1.0.7"
  resolved "https://registry.yarnpkg.com/custom-event-polyfill/-/custom-event-polyfill-1.0.7.tgz#9bc993ddda937c1a30ccd335614c6c58c4f87aee"
  integrity sha512-TDDkd5DkaZxZFM8p+1I3yAlvM3rSr1wbrOliG4yJiwinMZN8z/iGL7BTlDkrJcYTmgUSb4ywVCc3ZaUtOtC76w==

delegate@3.1.3:
  version "3.1.3"
  resolved "https://registry.yarnpkg.com/delegate/-/delegate-3.1.3.tgz#9a8251a777d7025faa55737bc3b071742127a9fd"
  integrity sha1-moJRp3fXAl+qVXN7w7BxdCEnqf0=

delegate@^3.2.0:
  version "3.2.0"
  resolved "https://registry.yarnpkg.com/delegate/-/delegate-3.2.0.tgz#b66b71c3158522e8ab5744f720d8ca0c2af59166"
  integrity sha512-IofjkYBZaZivn0V8nnsMJGBr4jVLxHDheKSW88PyxS5QC4Vo9ZbZVvhzlSxY87fVq3STR6r+4cGepyHkcWOQSw==

foundation-sites@^6.6.1:
  version "6.6.3"
  resolved "https://registry.yarnpkg.com/foundation-sites/-/foundation-sites-6.6.3.tgz#8ca5f246357db69e6a0e73351ce06aa8acce6540"
  integrity sha512-8X93wUAmUg1HhVv8uWMWnwoBLSQWSmFImJencneIZDctswn724Bq/MV1cbPZN/GFWGOB/9ngoQHztfzd4+ovCg==

jquery-lazy@^1.7.10:
  version "1.7.10"
  resolved "https://registry.yarnpkg.com/jquery-lazy/-/jquery-lazy-1.7.10.tgz#aa3d43d058bf1ea89284214f4521f6d9a162d051"
  integrity sha512-1vBpU+igfZJ58BrQrk2OFl3TMriGeIfZUg35uSIajZF4GcxF96NtdS3LbWk5a72rH2ypz0odTsAkqhUsICknhw==
  dependencies:
    jquery ">=1.7.2"

jquery@>=1.7.2, jquery@^3.4.1:
  version "3.5.0"
  resolved "https://registry.yarnpkg.com/jquery/-/jquery-3.5.0.tgz#9980b97d9e4194611c36530e7dc46a58d7340fc9"
  integrity sha512-Xb7SVYMvygPxbFMpTFQiHh1J7HClEaThguL15N/Gg37Lri/qKyhRGZYzHRyLH8Stq3Aow0LsHO2O2ci86fCrNQ==

loadjs@^4.2.0:
  version "4.2.0"
  resolved "https://registry.yarnpkg.com/loadjs/-/loadjs-4.2.0.tgz#2a0336376397a6a43edf98c9ec3229ddd5abb6f6"
  integrity sha512-AgQGZisAlTPbTEzrHPb6q+NYBMD+DP9uvGSIjSUM5uG+0jG15cb8axWpxuOIqrmQjn6scaaH8JwloiP27b2KXA==

lodash.debounce@^4.0.6:
  version "4.0.8"
  resolved "https://registry.yarnpkg.com/lodash.debounce/-/lodash.debounce-4.0.8.tgz#82d79bff30a67c4005ffd5e2515300ad9ca4d7af"
  integrity sha1-gteb/zCmfEAF/9XiUVMArZyk168=

lodash.throttle@^4.0.1:
  version "4.1.1"
  resolved "https://registry.yarnpkg.com/lodash.throttle/-/lodash.throttle-4.1.1.tgz#c23e91b710242ac70c37f1e1cda9274cc39bf2f4"
  integrity sha1-wj6RtxAkKscMN/HhzaknTMOb8vQ=

motion-ui@^2.0.3:
  version "2.0.3"
  resolved "https://registry.yarnpkg.com/motion-ui/-/motion-ui-2.0.3.tgz#3a87f8fea4512d654c0822a0b346f23dadf0d0b7"
  integrity sha512-f9xzh/hbZTUYjk4M7y1aDcsiPTfqUbuvCv/+If05TSIBEJMu3hGBU+YSe9csQPP7WBBHXxjossEygM/TJo2enw==

opencollective-postinstall@^2.0.2:
  version "2.0.2"
  resolved "https://registry.yarnpkg.com/opencollective-postinstall/-/opencollective-postinstall-2.0.2.tgz#5657f1bede69b6e33a45939b061eb53d3c6c3a89"
  integrity sha512-pVOEP16TrAO2/fjej1IdOyupJY8KDUM1CvsaScRbw6oddvpQoOfGk4ywha0HKKVAD6RkW4x6Q+tNBwhf3Bgpuw==

plyr@^3.5.10:
  version "3.5.10"
  resolved "https://registry.yarnpkg.com/plyr/-/plyr-3.5.10.tgz#631fb379135abd17ea822817db3046b484c8166c"
  integrity sha512-wbbSuzk3yKVOmYWQUnxG1bxikqZNkxZmL3OjS1DFVU0D2Uko1evGY72LuD9rm/HnNCNzcTuc0c6MCn7bRRpUTA==
  dependencies:
    core-js "^3.6.4"
    custom-event-polyfill "^1.0.7"
    loadjs "^4.2.0"
    rangetouch "^2.0.0"
    url-polyfill "^1.1.8"

rangetouch@^2.0.0:
  version "2.0.1"
  resolved "https://registry.yarnpkg.com/rangetouch/-/rangetouch-2.0.1.tgz#c01105110fd3afca2adcb1a580692837d883cb70"
  integrity sha512-sln+pNSc8NGaHoLzwNBssFSf/rSYkqeBXzX1AtJlkJiUaVSJSbRAWJk+4omsXkN+EJalzkZhWQ3th1m0FpR5xA==

scrl@^1.0.0:
  version "1.0.0"
  resolved "https://registry.yarnpkg.com/scrl/-/scrl-1.0.0.tgz#b225915f29d72807c48b2e116b12f14b15d14e55"
  integrity sha512-nTS2W6UyxYfvOOjeXGXM1j140bm2ZUIjt0mEyGUHecFz2zU1CMYJ71dWPdlnSJR2mYOojY1R5qpo4Fi83O7tog==

swup@^2.0.0, swup@^2.0.9:
  version "2.0.9"
  resolved "https://registry.yarnpkg.com/swup/-/swup-2.0.9.tgz#1930fa969e833ba630f7c1ff12bd601eb2f40461"
  integrity sha512-hgrhKEKvWyxjXxKcumJozNWn6kvK8CyzujSk61mSb5FJDJAWjcw23gXgPhZMpJgdQNtjKKZZR42xCYPdP34xkA==
  dependencies:
    delegate "3.1.3"
    opencollective-postinstall "^2.0.2"

tippy.js@^6.1.0:
  version "6.2.0"
  resolved "https://registry.yarnpkg.com/tippy.js/-/tippy.js-6.2.0.tgz#b6c35dc15a9eb7fe91a562d65469c1a3277f26f6"
  integrity sha512-xb7xq4vSkrhZHvbRx7l8otFL7z2id+U0VPDX+MHXa8B/4PtJ/nvap6/peLHjMk45VmRIvEhF0KFoqviJ6EEtug==
  dependencies:
    "@popperjs/core" "^2.3.2"

url-polyfill@^1.1.8:
  version "1.1.8"
  resolved "https://registry.yarnpkg.com/url-polyfill/-/url-polyfill-1.1.8.tgz#21eb58ad61192f52b77dcac8ab5293ae7bc67060"
  integrity sha512-Ey61F4FEqhcu1vHSOMmjl0Vd/RPRLEjMj402qszD/dhMBrVfoUsnIj8KSZo2yj+eIlxJGKFdnm6ES+7UzMgZ3Q==

what-input@^5.2.7:
  version "5.2.7"
  resolved "https://registry.yarnpkg.com/what-input/-/what-input-5.2.7.tgz#81afbb6b82882cff8c43fa7ff1054aa46f288ffa"
  integrity sha512-ruCP2skyygi0ZHnMicHuZP7vXnJh8uJXs9R7RX488HlWigSdzngdmKo5Ti11Iatp1dnYp55VfioP/WevPaK+xQ==
